DEPENDENCIES
  sensu
    path: .
    metadata: true

GRAPH
  apt (6.0.1)
  build-essential (8.0.0)
    mingw (>= 1.1)
    seven_zip (>= 0.0.0)
  compat_resource (12.16.3)
  dpkg_autostart (0.2.0)
  erlang (5.0.0)
    build-essential (>= 0.0.0)
    compat_resource (>= 0.0.0)
    yum-epel (>= 0.0.0)
    yum-erlang_solutions (>= 1.0.3)
  mingw (2.0.0)
    seven_zip (>= 0.0.0)
  ohai (5.0.2)
  rabbitmq (4.12.1)
    dpkg_autostart (>= 0.0.0)
    erlang (>= 0.0.0)
    yum-epel (>= 0.0.0)
    yum-erlang_solutions (>= 0.0.0)
  redisio (2.5.0)
    build-essential (>= 0.0.0)
    ulimit (>= 0.1.2)
  sensu (2.10.0)
    apt (>= 0.0.0)
    rabbitmq (>= 2.0.0)
    redisio (>= 1.7.0)
    windows (>= 1.8.8)
    yum (>= 0.0.0)
  seven_zip (2.0.2)
    windows (>= 1.2.2)
  ulimit (0.4.0)
  windows (3.0.2)
    ohai (>= 4.0.0)
  yum (5.0.0)
  yum-epel (2.1.1)
    compat_resource (>= 12.16.3)
  yum-erlang_solutions (1.0.3)
    compat_resource (>= 12.16.3)
    yum-epel (>= 0.0.0)
